
Microsoft Visual Studio Solution File, Format Version 12.00
# Visual Studio 15
VisualStudioVersion = 15.0.27130.2027
MinimumVisualStudioVersion = 10.0.40219.1
Project("{FAE04EC0-301F-11D3-BF4B-00C04F79EFBC}") = "Banking", "Banking\Banking.csproj", "{8A7DE93E-823B-41F5-9E71-B6FE51398743}"
EndProject
Project("{FAE04EC0-301F-11D3-BF4B-00C04F79EFBC}") = "Banking.MSTests", "Banking.MSTests\Banking.MSTests.csproj", "{95C63C78-E77D-4AE2-A4B8-1AA0E5EB8DF0}"
EndProject
Project("{FAE04EC0-301F-11D3-BF4B-00C04F79EFBC}") = "Banking.NUnitTests", "Banking.NUnitTests\Banking.NUnitTests.csproj", "{0CA7B866-DBAE-427D-81ED-27D0051D5CB1}"
EndProject
Project("{FAE04EC0-301F-11D3-BF4B-00C04F79EFBC}") = "Banking.XUnitTests", "Banking.XUnitTests\Banking.XUnitTests.csproj", "{3618BF93-068B-4C6E-8515-4B62365861DA}"
EndProject
Global
	GlobalSection(SolutionConfigurationPlatforms) = preSolution
		Debug|Any CPU = Debug|Any CPU
		Release|Any CPU = Release|Any CPU
	EndGlobalSection
	GlobalSection(ProjectConfigurationPlatforms) = postSolution
		{8A7DE93E-823B-41F5-9E71-B6FE51398743}.Debug|Any CPU.ActiveCfg = Debug|Any CPU
		{8A7DE93E-823B-41F5-9E71-B6FE51398743}.Debug|Any CPU.Build.0 = Debug|Any CPU
		{8A7DE93E-823B-41F5-9E71-B6FE51398743}.Release|Any CPU.ActiveCfg = Release|Any CPU
		{8A7DE93E-823B-41F5-9E71-B6FE51398743}.Release|Any CPU.Build.0 = Release|Any CPU
		{95C63C78-E77D-4AE2-A4B8-1AA0E5EB8DF0}.Debug|Any CPU.ActiveCfg = Debug|Any CPU
		{95C63C78-E77D-4AE2-A4B8-1AA0E5EB8DF0}.Debug|Any CPU.Build.0 = Debug|Any CPU
		{95C63C78-E77D-4AE2-A4B8-1AA0E5EB8DF0}.Release|Any CPU.ActiveCfg = Release|Any CPU
		{95C63C78-E77D-4AE2-A4B8-1AA0E5EB8DF0}.Release|Any CPU.Build.0 = Release|Any CPU
		{0CA7B866-DBAE-427D-81ED-27D0051D5CB1}.Debug|Any CPU.ActiveCfg = Debug|Any CPU
		{0CA7B866-DBAE-427D-81ED-27D0051D5CB1}.Debug|Any CPU.Build.0 = Debug|Any CPU
		{0CA7B866-DBAE-427D-81ED-27D0051D5CB1}.Release|Any CPU.ActiveCfg = Release|Any CPU
		{0CA7B866-DBAE-427D-81ED-27D0051D5CB1}.Release|Any CPU.Build.0 = Release|Any CPU
		{3618BF93-068B-4C6E-8515-4B62365861DA}.Debug|Any CPU.ActiveCfg = Debug|Any CPU
		{3618BF93-068B-4C6E-8515-4B62365861DA}.Debug|Any CPU.Build.0 = Debug|Any CPU
		{3618BF93-068B-4C6E-8515-4B62365861DA}.Release|Any CPU.ActiveCfg = Release|Any CPU
		{3618BF93-068B-4C6E-8515-4B62365861DA}.Release|Any CPU.Build.0 = Release|Any CPU
	EndGlobalSection
	GlobalSection(SolutionProperties) = preSolution
		HideSolutionNode = FALSE
	EndGlobalSection
	GlobalSection(ExtensibilityGlobals) = postSolution
		SolutionGuid = {D4014F4E-093D-49AA-BBA1-63506871301D}
	EndGlobalSection
EndGlobal
